// !$*UTF8*$!
{
	archiveVersion = 1;
	classes = {
	};
	objectVersion = 50;
	objects = {

/* Begin PBXBuildFile section */
		1EC5CB64F45A0ACBC13CCDA6 /* Pods_ProtobufDemo.framework in Frameworks */ = {isa = PBXBuildFile; fileRef = 8D6DBC47E12564C5149BB1CA /* Pods_ProtobufDemo.framework */; };
		4B0FE650230CED790003B256 /* Main.storyboard in Resources */ = {isa = PBXBuildFile; fileRef = 4B0FE64E230CED790003B256 /* Main.storyboard */; };
		4B0FE652230CED7A0003B256 /* Assets.xcassets in Resources */ = {isa = PBXBuildFile; fileRef = 4B0FE651230CED7A0003B256 /* Assets.xcassets */; };
		4B0FE655230CED7A0003B256 /* LaunchScreen.storyboard in Resources */ = {isa = PBXBuildFile; fileRef = 4B0FE653230CED7A0003B256 /* LaunchScreen.storyboard */; };
		4B0FE662230CED7B0003B256 /* ProtobufDemoTests.m in Sources */ = {isa = PBXBuildFile; fileRef = 4B0FE661230CED7B0003B256 /* ProtobufDemoTests.m */; };
		4B0FE66D230CED7B0003B256 /* ProtobufDemoUITests.m in Sources */ = {isa = PBXBuildFile; fileRef = 4B0FE66C230CED7B0003B256 /* ProtobufDemoUITests.m */; };
		4B0FE6E1230D22B00003B256 /* TestPackage.pbobjc.m in Sources */ = {isa = PBXBuildFile; fileRef = 4B0FE6DF230D22AF0003B256 /* TestPackage.pbobjc.m */; };
		4B0FE6E2230D23B50003B256 /* AppDelegate.m in Sources */ = {isa = PBXBuildFile; fileRef = 4B0FE649230CED790003B256 /* AppDelegate.m */; };
		4B0FE6E3230D23BC0003B256 /* ViewController.m in Sources */ = {isa = PBXBuildFile; fileRef = 4B0FE64C230CED790003B256 /* ViewController.m */; };
		4B0FE6E4230D23C50003B256 /* main.m in Sources */ = {isa = PBXBuildFile; fileRef = 4B0FE657230CED7A0003B256 /* main.m */; };
/* End PBXBuildFile section */

/* Begin PBXContainerItemProxy section */
		4B0FE65E230CED7B0003B256 /* PBXContainerItemProxy */ = {
			isa = PBXContainerItemProxy;
			containerPortal = 4B0FE63D230CED790003B256 /* Project object */;
			proxyType = 1;
			remoteGlobalIDString = 4B0FE644230CED790003B256;
			remoteInfo = ProtobufDemo;
		};
		4B0FE669230CED7B0003B256 /* PBXContainerItemProxy */ = {
			isa = PBXContainerItemProxy;
			containerPortal = 4B0FE63D230CED790003B256 /* Project object */;
			proxyType = 1;
			remoteGlobalIDString = 4B0FE644230CED790003B256;
			remoteInfo = ProtobufDemo;
		};
/* End PBXContainerItemProxy section */

/* Begin PBXFileReference section */
		4B0FE645230CED790003B256 /* ProtobufDemo.app */ = {isa = PBXFileReference; explicitFileType = wrapper.application; includeInIndex = 0; path = ProtobufDemo.app; sourceTree = BUILT_PRODUCTS_DIR; };
		4B0FE648230CED790003B256 /* AppDelegate.h */ = {isa = PBXFileReference; lastKnownFileType = sourcecode.c.h; path = AppDelegate.h; sourceTree = "<group>"; };
		4B0FE649230CED790003B256 /* AppDelegate.m */ = {isa = PBXFileReference; lastKnownFileType = sourcecode.c.objc; path = AppDelegate.m; sourceTree = "<group>"; };
		4B0FE64B230CED790003B256 /* ViewController.h */ = {isa = PBXFileReference; lastKnownFileType = sourcecode.c.h; path = ViewController.h; sourceTree = "<group>"; };
		4B0FE64C230CED790003B256 /* ViewController.m */ = {isa = PBXFileReference; lastKnownFileType = sourcecode.c.objc; path = ViewController.m; sourceTree = "<group>"; };
		4B0FE64F230CED790003B256 /* Base */ = {isa = PBXFileReference; lastKnownFileType = file.storyboard; name = Base; path = Base.lproj/Main.storyboard; sourceTree = "<group>"; };
		4B0FE651230CED7A0003B256 /* Assets.xcassets */ = {isa = PBXFileReference; lastKnownFileType = folder.assetcatalog; path = Assets.xcassets; sourceTree = "<group>"; };
		4B0FE654230CED7A0003B256 /* Base */ = {isa = PBXFileReference; lastKnownFileType = file.storyboard; name = Base; path = Base.lproj/LaunchScreen.storyboard; sourceTree = "<group>"; };
		4B0FE656230CED7A0003B256 /* Info.plist */ = {isa = PBXFileReference; lastKnownFileType = text.plist.xml; path = Info.plist; sourceTree = "<group>"; };
		4B0FE657230CED7A0003B256 /* main.m */ = {isa = PBXFileReference; lastKnownFileType = sourcecode.c.objc; path = main.m; sourceTree = "<group>"; };
		4B0FE65D230CED7B0003B256 /* ProtobufDemoTests.xctest */ = {isa = PBXFileReference; explicitFileType = wrapper.cfbundle; includeInIndex = 0; path = ProtobufDemoTests.xctest; sourceTree = BUILT_PRODUCTS_DIR; };
		4B0FE661230CED7B0003B256 /* ProtobufDemoTests.m */ = {isa = PBXFileReference; lastKnownFileType = sourcecode.c.objc; path = ProtobufDemoTests.m; sourceTree = "<group>"; };
		4B0FE663230CED7B0003B256 /* Info.plist */ = {isa = PBXFileReference; lastKnownFileType = text.plist.xml; path = Info.plist; sourceTree = "<group>"; };
		4B0FE668230CED7B0003B256 /* ProtobufDemoUITests.xctest */ = {isa = PBXFileReference; explicitFileType = wrapper.cfbundle; includeInIndex = 0; path = ProtobufDemoUITests.xctest; sourceTree = BUILT_PRODUCTS_DIR; };
		4B0FE66C230CED7B0003B256 /* ProtobufDemoUITests.m */ = {isa = PBXFileReference; lastKnownFileType = sourcecode.c.objc; path = ProtobufDemoUITests.m; sourceTree = "<group>"; };
		4B0FE66E230CED7B0003B256 /* Info.plist */ = {isa = PBXFileReference; lastKnownFileType = text.plist.xml; path = Info.plist; sourceTree = "<group>"; };
		4B0FE6DF230D22AF0003B256 /* TestPackage.pbobjc.m */ = {isa = PBXFileReference; fileEncoding = 4; lastKnownFileType = sourcecode.c.objc; path = TestPackage.pbobjc.m; sourceTree = "<group>"; };
		4B0FE6E0230D22B00003B256 /* TestPackage.pbobjc.h */ = {isa = PBXFileReference; fileEncoding = 4; lastKnownFileType = sourcecode.c.h; path = TestPackage.pbobjc.h; sourceTree = "<group>"; };
		645C84C840DC56F6F39E989A /* Pods-ProtobufDemo.release.xcconfig */ = {isa = PBXFileReference; includeInIndex = 1; lastKnownFileType = text.xcconfig; name = "Pods-ProtobufDemo.release.xcconfig"; path = "Target Support Files/Pods-ProtobufDemo/Pods-ProtobufDemo.release.xcconfig"; sourceTree = "<group>"; };
		8C909697A6777833CEA66124 /* Pods-ProtobufDemo.debug.xcconfig */ = {isa = PBXFileReference; includeInIndex = 1; lastKnownFileType = text.xcconfig; name = "Pods-ProtobufDemo.debug.xcconfig"; path = "Target Support Files/Pods-ProtobufDemo/Pods-ProtobufDemo.debug.xcconfig"; sourceTree = "<group>"; };
		8D6DBC47E12564C5149BB1CA /* Pods_ProtobufDemo.framework */ = {isa = PBXFileReference; explicitFileType = wrapper.framework; includeInIndex = 0; path = Pods_ProtobufDemo.framework; sourceTree = BUILT_PRODUCTS_DIR; };
/* End PBXFileReference section */

/* Begin PBXFrameworksBuildPhase section */
		4B0FE642230CED790003B256 /* Frameworks */ = {
			isa = PBXFrameworksBuildPhase;
			buildActionMask = 2147483647;
			files = (
				1EC5CB64F45A0ACBC13CCDA6 /* Pods_ProtobufDemo.framework in Frameworks */,
			);
			runOnlyForDeploymentPostprocessing = 0;
		};
		4B0FE65A230CED7B0003B256 /* Frameworks */ = {
			isa = PBXFrameworksBuildPhase;
			buildActionMask = 2147483647;
			files = (
			);
			runOnlyForDeploymentPostprocessing = 0;
		};
		4B0FE665230CED7B0003B256 /* Frameworks */ = {
			isa = PBXFrameworksBuildPhase;
			buildActionMask = 2147483647;
			files = (
			);
			runOnlyForDeploymentPostprocessing = 0;
		};
/* End PBXFrameworksBuildPhase section */

/* Begin PBXGroup section */
		4B0FE63C230CED790003B256 = {
			isa = PBXGroup;
			children = (
				4B0FE647230CED790003B256 /* ProtobufDemo */,
				4B0FE660230CED7B0003B256 /* ProtobufDemoTests */,
				4B0FE66B230CED7B0003B256 /* ProtobufDemoUITests */,
				4B0FE646230CED790003B256 /* Products */,
				7E16C64637276CC543D683C7 /* Pods */,
				BAC012E96F78D34E9B048C2B /* Frameworks */,
			);
			sourceTree = "<group>";
		};
		4B0FE646230CED790003B256 /* Products */ = {
			isa = PBXGroup;
			children = (
				4B0FE645230CED790003B256 /* ProtobufDemo.app */,
				4B0FE65D230CED7B0003B256 /* ProtobufDemoTests.xctest */,
				4B0FE668230CED7B0003B256 /* ProtobufDemoUITests.xctest */,
			);
			name = Products;
			sourceTree = "<group>";
		};
		4B0FE647230CED790003B256 /* ProtobufDemo */ = {
			isa = PBXGroup;
			children = (
				4B0FE648230CED790003B256 /* AppDelegate.h */,
				4B0FE649230CED790003B256 /* AppDelegate.m */,
				4B0FE6E0230D22B00003B256 /* TestPackage.pbobjc.h */,
				4B0FE6DF230D22AF0003B256 /* TestPackage.pbobjc.m */,
				4B0FE64B230CED790003B256 /* ViewController.h */,
				4B0FE64C230CED790003B256 /* ViewController.m */,
				4B0FE64E230CED790003B256 /* Main.storyboard */,
				4B0FE651230CED7A0003B256 /* Assets.xcassets */,
				4B0FE653230CED7A0003B256 /* LaunchScreen.storyboard */,
				4B0FE656230CED7A0003B256 /* Info.plist */,
				4B0FE657230CED7A0003B256 /* main.m */,
			);
			path = ProtobufDemo;
			sourceTree = "<group>";
		};
		4B0FE660230CED7B0003B256 /* ProtobufDemoTests */ = {
			isa = PBXGroup;
			children = (
				4B0FE661230CED7B0003B256 /* ProtobufDemoTests.m */,
				4B0FE663230CED7B0003B256 /* Info.plist */,
			);
			path = ProtobufDemoTests;
			sourceTree = "<group>";
		};
		4B0FE66B230CED7B0003B256 /* ProtobufDemoUITests */ = {
			isa = PBXGroup;
			children = (
				4B0FE66C230CED7B0003B256 /* ProtobufDemoUITests.m */,
				4B0FE66E230CED7B0003B256 /* Info.plist */,
			);
			path = ProtobufDemoUITests;
			sourceTree = "<group>";
		};
		7E16C64637276CC543D683C7 /* Pods */ = {
			isa = PBXGroup;
			children = (
				8C909697A6777833CEA66124 /* Pods-ProtobufDemo.debug.xcconfig */,
				645C84C840DC56F6F39E989A /* Pods-ProtobufDemo.release.xcconfig */,
			);
			path = Pods;
			sourceTree = "<group>";
		};
		BAC012E96F78D34E9B048C2B /* Frameworks */ = {
			isa = PBXGroup;
			children = (
				8D6DBC47E12564C5149BB1CA /* Pods_ProtobufDemo.framework */,
			);
			name = Frameworks;
			sourceTree = "<group>";
		};
/* End PBXGroup section */

/* Begin PBXNativeTarget section */
		4B0FE644230CED790003B256 /* ProtobufDemo */ = {
			isa = PBXNativeTarget;
			buildConfigurationList = 4B0FE671230CED7B0003B256 /* Build configuration list for PBXNativeTarget "ProtobufDemo" */;
			buildPhases = (
				F906AA1A13141AFB88B51D8E /* [CP] Check Pods Manifest.lock */,
				4B0FE641230CED790003B256 /* Sources */,
				4B0FE642230CED790003B256 /* Frameworks */,
				4B0FE643230CED790003B256 /* Resources */,
				93644CAF52D5B2D9719C57E7 /* [CP] Embed Pods Frameworks */,
			);
			buildRules = (
			);
			dependencies = (
			);
			name = ProtobufDemo;
			productName = ProtobufDemo;
			productReference = 4B0FE645230CED790003B256 /* ProtobufDemo.app */;
			productType = "com.apple.product-type.application";
		};
		4B0FE65C230CED7B0003B256 /* ProtobufDemoTests */ = {
			isa = PBXNativeTarget;
			buildConfigurationList = 4B0FE674230CED7B0003B256 /* Build configuration list for PBXNativeTarget "ProtobufDemoTests" */;
			buildPhases = (
				4B0FE659230CED7B0003B256 /* Sources */,
				4B0FE65A230CED7B0003B256 /* Frameworks */,
				4B0FE65B230CED7B0003B256 /* Resources */,
			);
			buildRules = (
			);
			dependencies = (
				4B0FE65F230CED7B0003B256 /* PBXTargetDependency */,
			);
			name = ProtobufDemoTests;
			productName = ProtobufDemoTests;
			productReference = 4B0FE65D230CED7B0003B256 /* ProtobufDemoTests.xctest */;
			productType = "com.apple.product-type.bundle.unit-test";
		};
		4B0FE667230CED7B0003B256 /* ProtobufDemoUITests */ = {
			isa = PBXNativeTarget;
			buildConfigurationList = 4B0FE677230CED7B0003B256 /* Build configuration list for PBXNativeTarget "ProtobufDemoUITests" */;
			buildPhases = (
				4B0FE664230CED7B0003B256 /* Sources */,
				4B0FE665230CED7B0003B256 /* Frameworks */,
				4B0FE666230CED7B0003B256 /* Resources */,
			);
			buildRules = (
			);
			dependencies = (
				4B0FE66A230CED7B0003B256 /* PBXTargetDependency */,
			);
			name = ProtobufDemoUITests;
			productName = ProtobufDemoUITests;
			productReference = 4B0FE668230CED7B0003B256 /* ProtobufDemoUITests.xctest */;
			productType = "com.apple.product-type.bundle.ui-testing";
		};
/* End PBXNativeTarget section */

/* Begin PBXProject section */
		4B0FE63D230CED790003B256 /* Project object */ = {
			isa = PBXProject;
			attributes = {
				LastUpgradeCheck = 1020;
				ORGANIZATIONNAME = starxin;
				TargetAttributes = {
					4B0FE644230CED790003B256 = {
						CreatedOnToolsVersion = 10.2.1;
					};
					4B0FE65C230CED7B0003B256 = {
						CreatedOnToolsVersion = 10.2.1;
						TestTargetID = 4B0FE644230CED790003B256;
					};
					4B0FE667230CED7B0003B256 = {
						CreatedOnToolsVersion = 10.2.1;
						TestTargetID = 4B0FE644230CED790003B256;
					};
				};
			};
			buildConfigurationList = 4B0FE640230CED790003B256 /* Build configuration list for PBXProject "ProtobufDemo" */;
			compatibilityVersion = "Xcode 9.3";
			developmentRegion = en;
			hasScannedForEncodings = 0;
			knownRegions = (
				en,
				Base,
			);
			mainGroup = 4B0FE63C230CED790003B256;
			productRefGroup = 4B0FE646230CED790003B256 /* Products */;
			projectDirPath = "";
			projectRoot = "";
			targets = (
				4B0FE644230CED790003B256 /* ProtobufDemo */,
				4B0FE65C230CED7B0003B256 /* ProtobufDemoTests */,
				4B0FE667230CED7B0003B256 /* ProtobufDemoUITests */,
			);
		};
/* End PBXProject section */

/* Begin PBXResourcesBuildPhase section */
		4B0FE643230CED790003B256 /* Resources */ = {
			isa = PBXResourcesBuildPhase;
			buildActionMask = 2147483647;
			files = (
				4B0FE655230CED7A0003B256 /* LaunchScreen.storyboard in Resources */,
				4B0FE652230CED7A0003B256 /* Assets.xcassets in Resources */,
				4B0FE650230CED790003B256 /* Main.storyboard in Resources */,
			);
			runOnlyForDeploymentPostprocessing = 0;
		};
		4B0FE65B230CED7B0003B256 /* Resources */ = {
			isa = PBXResourcesBuildPhase;
			buildActionMask = 2147483647;
			files = (
			);
			runOnlyForDeploymentPostprocessing = 0;
		};
		4B0FE666230CED7B0003B256 /* Resources */ = {
			isa = PBXResourcesBuildPhase;
			buildActionMask = 2147483647;
			files = (
			);
			runOnlyForDeploymentPostprocessing = 0;
		};
/* End PBXResourcesBuildPhase section */

/* Begin PBXShellScriptBuildPhase section */
		93644CAF52D5B2D9719C57E7 /* [CP] Embed Pods Frameworks */ = {
			isa = PBXShellScriptBuildPhase;
			buildActionMask = 2147483647;
			files = (
			);
			inputFileListPaths = (
			);
			inputPaths = (
				"${PODS_ROOT}/Target Support Files/Pods-ProtobufDemo/Pods-ProtobufDemo-frameworks.sh",
				"${BUILT_PRODUCTS_DIR}/Protobuf/Protobuf.framework",
				"${BUILT_PRODUCTS_DIR}/YYModel/YYModel.framework",
			);
			name = "[CP] Embed Pods Frameworks";
			outputFileListPaths = (
			);
			outputPaths = (
				"${TARGET_BUILD_DIR}/${FRAMEWORKS_FOLDER_PATH}/Protobuf.framework",
				"${TARGET_BUILD_DIR}/${FRAMEWORKS_FOLDER_PATH}/YYModel.framework",
			);
			runOnlyForDeploymentPostprocessing = 0;
			shellPath = /bin/sh;
			shellScript = "\"${PODS_ROOT}/Target Support Files/Pods-ProtobufDemo/Pods-ProtobufDemo-frameworks.sh\"\n";
			showEnvVarsInLog = 0;
		};
		F906AA1A13141AFB88B51D8E /* [CP] Check Pods Manifest.lock */ = {
			isa = PBXShellScriptBuildPhase;
			buildActionMask = 2147483647;
			files = (
			);
			inputFileListPaths = (
			);
			inputPaths = (
				"${PODS_PODFILE_DIR_PATH}/Podfile.lock",
				"${PODS_ROOT}/Manifest.lock",
			);
			name = "[CP] Check Pods Manifest.lock";
			outputFileListPaths = (
			);
			outputPaths = (
				"$(DERIVED_FILE_DIR)/Pods-ProtobufDemo-checkManifestLockResult.txt",
			);
			runOnlyForDeploymentPostprocessing = 0;
			shellPath = /bin/sh;
			shellScript = "diff \"${PODS_PODFILE_DIR_PATH}/Podfile.lock\" \"${PODS_ROOT}/Manifest.lock\" > /dev/null\nif [ $? != 0 ] ; then\n    # print error to STDERR\n    echo \"error: The sandbox is not in sync with the Podfile.lock. Run 'pod install' or update your CocoaPods installation.\" >&2\n    exit 1\nfi\n# This output is used by Xcode 'outputs' to avoid re-running this script phase.\necho \"SUCCESS\" > \"${SCRIPT_OUTPUT_FILE_0}\"\n";
			showEnvVarsInLog = 0;
		};
/* End PBXShellScriptBuildPhase section */

/* Begin PBXSourcesBuildPhase section */
		4B0FE641230CED790003B256 /* Sources */ = {
			isa = PBXSourcesBuildPhase;
			buildActionMask = 2147483647;
			files = (
				4B0FE6E4230D23C50003B256 /* main.m in Sources */,
				4B0FE6E3230D23BC0003B256 /* ViewController.m in Sources */,
				4B0FE6E2230D23B50003B256 /* AppDelegate.m in Sources */,
				4B0FE6E1230D22B00003B256 /* TestPackage.pbobjc.m in Sources */,
			);
			runOnlyForDeploymentPostprocessing = 0;
		};
		4B0FE659230CED7B0003B256 /* Sources */ = {
			isa = PBXSourcesBuildPhase;
			buildActionMask = 2147483647;
			files = (
				4B0FE662230CED7B0003B256 /* ProtobufDemoTests.m in Sources */,
			);
			runOnlyForDeploymentPostprocessing = 0;
		};
		4B0FE664230CED7B0003B256 /* Sources */ = {
			isa = PBXSourcesBuildPhase;
			buildActionMask = 2147483647;
			files = (
				4B0FE66D230CED7B0003B256 /* ProtobufDemoUITests.m in Sources */,
			);
			runOnlyForDeploymentPostprocessing = 0;
		};
/* End PBXSourcesBuildPhase section */

/* Begin PBXTargetDependency section */
		4B0FE65F230CED7B0003B256 /* PBXTargetDependency */ = {
			isa = PBXTargetDependency;
			target = 4B0FE644230CED790003B256 /* ProtobufDemo */;
			targetProxy = 4B0FE65E230CED7B0003B256 /* PBXContainerItemProxy */;
		};
		4B0FE66A230CED7B0003B256 /* PBXTargetDependency */ = {
			isa = PBXTargetDependency;
			target = 4B0FE644230CED790003B256 /* ProtobufDemo */;
			targetProxy = 4B0FE669230CED7B0003B256 /* PBXContainerItemProxy */;
		};
/* End PBXTargetDependency section */

/* Begin PBXVariantGroup section */
		4B0FE64E230CED790003B256 /* Main.storyboard */ = {
			isa = PBXVariantGroup;
			children = (
				4B0FE64F230CED790003B256 /* Base */,
			);
			name = Main.storyboard;
			sourceTree = "<group>";
		};
		4B0FE653230CED7A0003B256 /* LaunchScreen.storyboard */ = {
			isa = PBXVariantGroup;
			children = (
				4B0FE654230CED7A0003B256 /* Base */,
			);
			name = LaunchScreen.storyboard;
			sourceTree = "<group>";
		};
/* End PBXVariantGroup section */

/* Begin XCBuildConfiguration section */
		4B0FE66F230CED7B0003B256 /* Debug */ = {
			isa = XCBuildConfiguration;
			buildSettings = {
				ALWAYS_SEARCH_USER_PATHS = NO;
				CLANG_ANALYZER_NONNULL = YES;
				CLANG_ANALYZER_NUMBER_OBJECT_CONVERSION = YES_AGGRESSIVE;
				CLANG_CXX_LANGUAGE_STANDARD = "gnu++14";
				CLANG_CXX_LIBRARY = "libc++";
				CLANG_ENABLE_MODULES = YES;
				CLANG_ENABLE_OBJC_ARC = YES;
				CLANG_ENABLE_OBJC_WEAK = YES;
				CLANG_WARN_BLOCK_CAPTURE_AUTORELEASING = YES;
				CLANG_WARN_BOOL_CONVERSION = YES;
				CLANG_WARN_COMMA = YES;
				CLANG_WARN_CONSTANT_CONVERSION = YES;
				CLANG_WARN_DEPRECATED_OBJC_IMPLEMENTATIONS = YES;
				CLANG_WARN_DIRECT_OBJC_ISA_USAGE = YES_ERROR;
				CLANG_WARN_DOCUMENTATION_COMMENTS = YES;
				CLANG_WARN_EMPTY_BODY = YES;
				CLANG_WARN_ENUM_CONVERSION = YES;
				CLANG_WARN_INFINITE_RECURSION = YES;
				CLANG_WARN_INT_CONVERSION = YES;
				CLANG_WARN_NON_LITERAL_NULL_CONVERSION = YES;
				CLANG_WARN_OBJC_IMPLICIT_RETAIN_SELF = YES;
				CLANG_WARN_OBJC_LITERAL_CONVERSION = YES;
				CLANG_WARN_OBJC_ROOT_CLASS = YES_ERROR;
				CLANG_WARN_RANGE_LOOP_ANALYSIS = YES;
				CLANG_WARN_STRICT_PROTOTYPES = YES;
				CLANG_WARN_SUSPICIOUS_MOVE = YES;
				CLANG_WARN_UNGUARDED_AVAILABILITY = YES_AGGRESSIVE;
				CLANG_WARN_UNREACHABLE_CODE = YES;
				CLANG_WARN__DUPLICATE_METHOD_MATCH = YES;
				CODE_SIGN_IDENTITY = "iPhone Developer";
				COPY_PHASE_STRIP = NO;
				DEBUG_INFORMATION_FORMAT = dwarf;
				ENABLE_STRICT_OBJC_MSGSEND = YES;
				ENABLE_TESTABILITY = YES;
				GCC_C_LANGUAGE_STANDARD = gnu11;
				GCC_DYNAMIC_NO_PIC = NO;
				GCC_NO_COMMON_BLOCKS = YES;
				GCC_OPTIMIZATION_LEVEL = 0;
				GCC_PREPROCESSOR_DEFINITIONS = (
					"DEBUG=1",
					"$(inherited)",
				);
				GCC_WARN_64_TO_32_BIT_CONVERSION = YES;
				GCC_WARN_ABOUT_RETURN_TYPE = YES_ERROR;
				GCC_WARN_UNDECLARED_SELECTOR = YES;
				GCC_WARN_UNINITIALIZED_AUTOS = YES_AGGRESSIVE;
				GCC_WARN_UNUSED_FUNCTION = YES;
				GCC_WARN_UNUSED_VARIABLE = YES;
				IPHONEOS_DEPLOYMENT_TARGET = 12.2;
				MTL_ENABLE_DEBUG_INFO = INCLUDE_SOURCE;
				MTL_FAST_MATH = YES;
				ONLY_ACTIVE_ARCH = YES;
				SDKROOT = iphoneos;
			};
			name = Debug;
		};
		4B0FE670230CED7B0003B256 /* Release */ = {
			isa = XCBuildConfiguration;
			buildSettings = {
				ALWAYS_SEARCH_USER_PATHS = NO;
				CLANG_ANALYZER_NONNULL = YES;
				CLANG_ANALYZER_NUMBER_OBJECT_CONVERSION = YES_AGGRESSIVE;
				CLANG_CXX_LANGUAGE_STANDARD = "gnu++14";
				CLANG_CXX_LIBRARY = "libc++";
				CLANG_ENABLE_MODULES = YES;
				CLANG_ENABLE_OBJC_ARC = YES;
				CLANG_ENABLE_OBJC_WEAK = YES;
				CLANG_WARN_BLOCK_CAPTURE_AUTORELEASING = YES;
				CLANG_WARN_BOOL_CONVERSION = YES;
				CLANG_WARN_COMMA = YES;
				CLANG_WARN_CONSTANT_CONVERSION = YES;
				CLANG_WARN_DEPRECATED_OBJC_IMPLEMENTATIONS = YES;
				CLANG_WARN_DIRECT_OBJC_ISA_USAGE = YES_ERROR;
				CLANG_WARN_DOCUMENTATION_COMMENTS = YES;
				CLANG_WARN_EMPTY_BODY = YES;
				CLANG_WARN_ENUM_CONVERSION = YES;
				CLANG_WARN_INFINITE_RECURSION = YES;
				CLANG_WARN_INT_CONVERSION = YES;
				CLANG_WARN_NON_LITERAL_NULL_CONVERSION = YES;
				CLANG_WARN_OBJC_IMPLICIT_RETAIN_SELF = YES;
				CLANG_WARN_OBJC_LITERAL_CONVERSION = YES;
				CLANG_WARN_OBJC_ROOT_CLASS = YES_ERROR;
				CLANG_WARN_RANGE_LOOP_ANALYSIS = YES;
				CLANG_WARN_STRICT_PROTOTYPES = YES;
				CLANG_WARN_SUSPICIOUS_MOVE = YES;
				CLANG_WARN_UNGUARDED_AVAILABILITY = YES_AGGRESSIVE;
				CLANG_WARN_UNREACHABLE_CODE = YES;
				CLANG_WARN__DUPLICATE_METHOD_MATCH = YES;
				CODE_SIGN_IDENTITY = "iPhone Developer";
				COPY_PHASE_STRIP = NO;
				DEBUG_INFORMATION_FORMAT = "dwarf-with-dsym";
				ENABLE_NS_ASSERTIONS = NO;
				ENABLE_STRICT_OBJC_MSGSEND = YES;
				GCC_C_LANGUAGE_STANDARD = gnu11;
				GCC_NO_COMMON_BLOCKS = YES;
				GCC_WARN_64_TO_32_BIT_CONVERSION = YES;
				GCC_WARN_ABOUT_RETURN_TYPE = YES_ERROR;
				GCC_WARN_UNDECLARED_SELECTOR = YES;
				GCC_WARN_UNINITIALIZED_AUTOS = YES_AGGRESSIVE;
				GCC_WARN_UNUSED_FUNCTION = YES;
				GCC_WARN_UNUSED_VARIABLE = YES;
				IPHONEOS_DEPLOYMENT_TARGET = 12.2;
				MTL_ENABLE_DEBUG_INFO = NO;
				MTL_FAST_MATH = YES;
				SDKROOT = iphoneos;
				VALIDATE_PRODUCT = YES;
			};
			name = Release;
		};
		4B0FE672230CED7B0003B256 /* Debug */ = {
			isa = XCBuildConfiguration;
			baseConfigurationReference = 8C909697A6777833CEA66124 /* Pods-ProtobufDemo.debug.xcconfig */;
			buildSettings = {
				ASSETCATALOG_COMPILER_APPICON_NAME = AppIcon;
				CODE_SIGN_STYLE = Automatic;
				INFOPLIST_FILE = ProtobufDemo/Info.plist;
				IPHONEOS_DEPLOYMENT_TARGET = 9.0;
				LD_RUNPATH_SEARCH_PATHS = (
					"$(inherited)",
					"@executable_path/Frameworks",
				);
				LIBRARY_SEARCH_PATHS = (
					"$(inherited)",
					"$(PROJECT_DIR)/ProtobufDemo/protobuf",
				);
				PRODUCT_BUNDLE_IDENTIFIER = com.starxin.ProtobufDemo;
				PRODUCT_NAME = "$(TARGET_NAME)";
				TARGETED_DEVICE_FAMILY = "1,2";
			};
			name = Debug;
		};
		4B0FE673230CED7B0003B256 /* Release */ = {
			isa = XCBuildConfiguration;
			baseConfigurationReference = 645C84C840DC56F6F39E989A /* Pods-ProtobufDemo.release.xcconfig */;
			buildSettings = {
				ASSETCATALOG_COMPILER_APPICON_NAME = AppIcon;
				CODE_SIGN_STYLE = Automatic;
				INFOPLIST_FILE = ProtobufDemo/Info.plist;
				IPHONEOS_DEPLOYMENT_TARGET = 9.0;
				LD_RUNPATH_SEARCH_PATHS = (
					"$(inherited)",
					"@executable_path/Frameworks",
				);
				LIBRARY_SEARCH_PATHS = (
					"$(inherited)",
					"$(PROJECT_DIR)/ProtobufDemo/protobuf",
				);
				PRODUCT_BUNDLE_IDENTIFIER = com.starxin.ProtobufDemo;
				PRODUCT_NAME = "$(TARGET_NAME)";
				TARGETED_DEVICE_FAMILY = "1,2";
			};
			name = Release;
		};
		4B0FE675230CED7B0003B256 /* Debug */ = {
			isa = XCBuildConfiguration;
			buildSettings = {
				BUNDLE_LOADER = "$(TEST_HOST)";
				CODE_SIGN_STYLE = Automatic;
				INFOPLIST_FILE = ProtobufDemoTests/Info.plist;
				LD_RUNPATH_SEARCH_PATHS = (
					"$(inherited)",
					"@executable_path/Frameworks",
					"@loader_path/Frameworks",
				);
				PRODUCT_BUNDLE_IDENTIFIER = com.starxin.ProtobufDemoTests;
				PRODUCT_NAME = "$(TARGET_NAME)";
				TARGETED_DEVICE_FAMILY = "1,2";
				TEST_HOST = "$(BUILT_PRODUCTS_DIR)/ProtobufDemo.app/ProtobufDemo";
			};
			name = Debug;
		};
		4B0FE676230CED7B0003B256 /* Release */ = {
			isa = XCBuildConfiguration;
			buildSettings = {
				BUNDLE_LOADER = "$(TEST_HOST)";
				CODE_SIGN_STYLE = Automatic;
				INFOPLIST_FILE = ProtobufDemoTests/Info.plist;
				LD_RUNPATH_SEARCH_PATHS = (
					"$(inherited)",
					"@executable_path/Frameworks",
					"@loader_path/Frameworks",
				);
				PRODUCT_BUNDLE_IDENTIFIER = com.starxin.ProtobufDemoTests;
				PRODUCT_NAME = "$(TARGET_NAME)";
				TARGETED_DEVICE_FAMILY = "1,2";
				TEST_HOST = "$(BUILT_PRODUCTS_DIR)/ProtobufDemo.app/ProtobufDemo";
			};
			name = Release;
		};
		4B0FE678230CED7B0003B256 /* Debug */ = {
			isa = XCBuildConfiguration;
			buildSettings = {
				CODE_SIGN_STYLE = Automatic;
				INFOPLIST_FILE = ProtobufDemoUITests/Info.plist;
				LD_RUNPATH_SEARCH_PATHS = (
					"$(inherited)",
					"@executable_path/Frameworks",
					"@loader_path/Frameworks",
				);
				PRODUCT_BUNDLE_IDENTIFIER = com.starxin.ProtobufDemoUITests;
				PRODUCT_NAME = "$(TARGET_NAME)";
				TARGETED_DEVICE_FAMILY = "1,2";
				TEST_TARGET_NAME = ProtobufDemo;
			};
			name = Debug;
		};
		4B0FE679230CED7B0003B256 /* Release */ = {
			isa = XCBuildConfiguration;
			buildSettings = {
				CODE_SIGN_STYLE = Automatic;
				INFOPLIST_FILE = ProtobufDemoUITests/Info.plist;
				LD_RUNPATH_SEARCH_PATHS = (
					"$(inherited)",
					"@executable_path/Frameworks",
					"@loader_path/Frameworks",
				);
				PRODUCT_BUNDLE_IDENTIFIER = com.starxin.ProtobufDemoUITests;
				PRODUCT_NAME = "$(TARGET_NAME)";
				TARGETED_DEVICE_FAMILY = "1,2";
				TEST_TARGET_NAME = ProtobufDemo;
			};
			name = Release;
		};
/* End XCBuildConfiguration section */

/* Begin XCConfigurationList section */
		4B0FE640230CED790003B256 /* Build configuration list for PBXProject "ProtobufDemo" */ = {
			isa = XCConfigurationList;
			buildConfigurations = (
				4B0FE66F230CED7B0003B256 /* Debug */,
				4B0FE670230CED7B0003B256 /* Release */,
			);
			defaultConfigurationIsVisible = 0;
			defaultConfigurationName = Release;
		};
		4B0FE671230CED7B0003B256 /* Build configuration list for PBXNativeTarget "ProtobufDemo" */ = {
			isa = XCConfigurationList;
			buildConfigurations = (
				4B0FE672230CED7B0003B256 /* Debug */,
				4B0FE673230CED7B0003B256 /* Release */,
			);
			defaultConfigurationIsVisible = 0;
			defaultConfigurationName = Release;
		};
		4B0FE674230CED7B0003B256 /* Build configuration list for PBXNativeTarget "ProtobufDemoTests" */ = {
			isa = XCConfigurationList;
			buildConfigurations = (
				4B0FE675230CED7B0003B256 /* Debug */,
				4B0FE676230CED7B0003B256 /* Release */,
			);
			defaultConfigurationIsVisible = 0;
			defaultConfigurationName = Release;
		};
		4B0FE677230CED7B0003B256 /* Build configuration list for PBXNativeTarget "ProtobufDemoUITests" */ = {
			isa = XCConfigurationList;
			buildConfigurations = (
				4B0FE678230CED7B0003B256 /* Debug */,
				4B0FE679230CED7B0003B256 /* Release */,
			);
			defaultConfigurationIsVisible = 0;
			defaultConfigurationName = Release;
		};
/* End XCConfigurationList section */
	};
	rootObject = 4B0FE63D230CED790003B256 /* Project object */;
}
