PODS:
  - Protobuf (3.7.0)
  - YYModel (1.0.4)

DEPENDENCIES:
  - Protobuf (~> 3.7.0)
  - YYModel (~> 1.0.4)

SPEC REPOS:
  https://github.com/cocoapods/specs.git:
    - Protobuf
    - YYModel

SPEC CHECKSUMS:
  Protobuf: 7a877b7f3e5964e3fce995e2eb323dbc6831bb5a
  YYModel: 2a7fdd96aaa4b86a824e26d0c517de8928c04b30

PODFILE CHECKSUM: e9ff9bb9232e1cd64c3abb14de827011dec5e6e9

COCOAPODS: 1.6.1
